// !$*UTF8*$!
{
	archiveVersion = 1;
	classes = {
	};
	objectVersion = 56;
	objects = {

/* Begin PBXBuildFile section */
		EDC8C3462B8DF47800A6A2B5 /* SwiftPizzaApp.swift in Sources */ = {isa = PBXBuildFile; fileRef = EDC8C3452B8DF47800A6A2B5 /* SwiftPizzaApp.swift */; };
		EDC8C3482B8DF47800A6A2B5 /* ContentView.swift in Sources */ = {isa = PBXBuildFile; fileRef = EDC8C3472B8DF47800A6A2B5 /* ContentView.swift */; };
		EDC8C34A2B8DF47A00A6A2B5 /* Assets.xcassets in Resources */ = {isa = PBXBuildFile; fileRef = EDC8C3492B8DF47A00A6A2B5 /* Assets.xcassets */; };
		EDC8C34D2B8DF47A00A6A2B5 /* Preview Assets.xcassets in Resources */ = {isa = PBXBuildFile; fileRef = EDC8C34C2B8DF47A00A6A2B5 /* Preview Assets.xcassets */; };
		EDC8C3572B8DF47A00A6A2B5 /* SwiftPizzaTests.swift in Sources */ = {isa = PBXBuildFile; fileRef = EDC8C3562B8DF47A00A6A2B5 /* SwiftPizzaTests.swift */; };
		EDC8C3612B8DF47A00A6A2B5 /* SwiftPizzaUITests.swift in Sources */ = {isa = PBXBuildFile; fileRef = EDC8C3602B8DF47A00A6A2B5 /* SwiftPizzaUITests.swift */; };
		EDC8C3632B8DF47A00A6A2B5 /* SwiftPizzaUITestsLaunchTests.swift in Sources */ = {isa = PBXBuildFile; fileRef = EDC8C3622B8DF47A00A6A2B5 /* SwiftPizzaUITestsLaunchTests.swift */; };
/* End PBXBuildFile section */

/* Begin PBXContainerItemProxy section */
		EDC8C3532B8DF47A00A6A2B5 /* PBXContainerItemProxy */ = {
			isa = PBXContainerItemProxy;
			containerPortal = EDC8C33A2B8DF47800A6A2B5 /* Project object */;
			proxyType = 1;
			remoteGlobalIDString = EDC8C3412B8DF47800A6A2B5;
			remoteInfo = SwiftPizza;
		};
		EDC8C35D2B8DF47A00A6A2B5 /* PBXContainerItemProxy */ = {
			isa = PBXContainerItemProxy;
			containerPortal = EDC8C33A2B8DF47800A6A2B5 /* Project object */;
			proxyType = 1;
			remoteGlobalIDString = EDC8C3412B8DF47800A6A2B5;
			remoteInfo = SwiftPizza;
		};
/* End PBXContainerItemProxy section */

/* Begin PBXFileReference section */
		EDC8C3422B8DF47800A6A2B5 /* SwiftPizza.app */ = {isa = PBXFileReference; explicitFileType = wrapper.application; includeInIndex = 0; path = SwiftPizza.app; sourceTree = BUILT_PRODUCTS_DIR; };
		EDC8C3452B8DF47800A6A2B5 /* SwiftPizzaApp.swift */ = {isa = PBXFileReference; lastKnownFileType = sourcecode.swift; path = SwiftPizzaApp.swift; sourceTree = "<group>"; };
		EDC8C3472B8DF47800A6A2B5 /* ContentView.swift */ = {isa = PBXFileReference; lastKnownFileType = sourcecode.swift; path = ContentView.swift; sourceTree = "<group>"; };
		EDC8C3492B8DF47A00A6A2B5 /* Assets.xcassets */ = {isa = PBXFileReference; lastKnownFileType = folder.assetcatalog; path = Assets.xcassets; sourceTree = "<group>"; };
		EDC8C34C2B8DF47A00A6A2B5 /* Preview Assets.xcassets */ = {isa = PBXFileReference; lastKnownFileType = folder.assetcatalog; path = "Preview Assets.xcassets"; sourceTree = "<group>"; };
		EDC8C3522B8DF47A00A6A2B5 /* SwiftPizzaTests.xctest */ = {isa = PBXFileReference; explicitFileType = wrapper.cfbundle; includeInIndex = 0; path = SwiftPizzaTests.xctest; sourceTree = BUILT_PRODUCTS_DIR; };
		EDC8C3562B8DF47A00A6A2B5 /* SwiftPizzaTests.swift */ = {isa = PBXFileReference; lastKnownFileType = sourcecode.swift; path = SwiftPizzaTests.swift; sourceTree = "<group>"; };
		EDC8C35C2B8DF47A00A6A2B5 /* SwiftPizzaUITests.xctest */ = {isa = PBXFileReference; explicitFileType = wrapper.cfbundle; includeInIndex = 0; path = SwiftPizzaUITests.xctest; sourceTree = BUILT_PRODUCTS_DIR; };
		EDC8C3602B8DF47A00A6A2B5 /* SwiftPizzaUITests.swift */ = {isa = PBXFileReference; lastKnownFileType = sourcecode.swift; path = SwiftPizzaUITests.swift; sourceTree = "<group>"; };
		EDC8C3622B8DF47A00A6A2B5 /* SwiftPizzaUITestsLaunchTests.swift */ = {isa = PBXFileReference; lastKnownFileType = sourcecode.swift; path = SwiftPizzaUITestsLaunchTests.swift; sourceTree = "<group>"; };
/* End PBXFileReference section */

/* Begin PBXFrameworksBuildPhase section */
		EDC8C33F2B8DF47800A6A2B5 /* Frameworks */ = {
			isa = PBXFrameworksBuildPhase;
			buildActionMask = 2147483647;
			files = (
			);
			runOnlyForDeploymentPostprocessing = 0;
		};
		EDC8C34F2B8DF47A00A6A2B5 /* Frameworks */ = {
			isa = PBXFrameworksBuildPhase;
			buildActionMask = 2147483647;
			files = (
			);
			runOnlyForDeploymentPostprocessing = 0;
		};
		EDC8C3592B8DF47A00A6A2B5 /* Frameworks */ = {
			isa = PBXFrameworksBuildPhase;
			buildActionMask = 2147483647;
			files = (
			);
			runOnlyForDeploymentPostprocessing = 0;
		};
/* End PBXFrameworksBuildPhase section */

/* Begin PBXGroup section */
		EDC8C3392B8DF47800A6A2B5 = {
			isa = PBXGroup;
			children = (
				EDC8C3442B8DF47800A6A2B5 /* SwiftPizza */,
				EDC8C3552B8DF47A00A6A2B5 /* SwiftPizzaTests */,
				EDC8C35F2B8DF47A00A6A2B5 /* SwiftPizzaUITests */,
				EDC8C3432B8DF47800A6A2B5 /* Products */,
			);
			sourceTree = "<group>";
		};
		EDC8C3432B8DF47800A6A2B5 /* Products */ = {
			isa = PBXGroup;
			children = (
				EDC8C3422B8DF47800A6A2B5 /* SwiftPizza.app */,
				EDC8C3522B8DF47A00A6A2B5 /* SwiftPizzaTests.xctest */,
				EDC8C35C2B8DF47A00A6A2B5 /* SwiftPizzaUITests.xctest */,
			);
			name = Products;
			sourceTree = "<group>";
		};
		EDC8C3442B8DF47800A6A2B5 /* SwiftPizza */ = {
			isa = PBXGroup;
			children = (
				EDC8C3452B8DF47800A6A2B5 /* SwiftPizzaApp.swift */,
				EDC8C3472B8DF47800A6A2B5 /* ContentView.swift */,
				EDC8C3492B8DF47A00A6A2B5 /* Assets.xcassets */,
				EDC8C34B2B8DF47A00A6A2B5 /* Preview Content */,
			);
			path = SwiftPizza;
			sourceTree = "<group>";
		};
		EDC8C34B2B8DF47A00A6A2B5 /* Preview Content */ = {
			isa = PBXGroup;
			children = (
				EDC8C34C2B8DF47A00A6A2B5 /* Preview Assets.xcassets */,
			);
			path = "Preview Content";
			sourceTree = "<group>";
		};
		EDC8C3552B8DF47A00A6A2B5 /* SwiftPizzaTests */ = {
			isa = PBXGroup;
			children = (
				EDC8C3562B8DF47A00A6A2B5 /* SwiftPizzaTests.swift */,
			);
			path = SwiftPizzaTests;
			sourceTree = "<group>";
		};
		EDC8C35F2B8DF47A00A6A2B5 /* SwiftPizzaUITests */ = {
			isa = PBXGroup;
			children = (
				EDC8C3602B8DF47A00A6A2B5 /* SwiftPizzaUITests.swift */,
				EDC8C3622B8DF47A00A6A2B5 /* SwiftPizzaUITestsLaunchTests.swift */,
			);
			path = SwiftPizzaUITests;
			sourceTree = "<group>";
		};
/* End PBXGroup section */

/* Begin PBXNativeTarget section */
		EDC8C3412B8DF47800A6A2B5 /* SwiftPizza */ = {
			isa = PBXNativeTarget;
			buildConfigurationList = EDC8C3662B8DF47A00A6A2B5 /* Build configuration list for PBXNativeTarget "SwiftPizza" */;
			buildPhases = (
				EDC8C33E2B8DF47800A6A2B5 /* Sources */,
				EDC8C33F2B8DF47800A6A2B5 /* Frameworks */,
				EDC8C3402B8DF47800A6A2B5 /* Resources */,
			);
			buildRules = (
			);
			dependencies = (
			);
			name = SwiftPizza;
			productName = SwiftPizza;
			productReference = EDC8C3422B8DF47800A6A2B5 /* SwiftPizza.app */;
			productType = "com.apple.product-type.application";
		};
		EDC8C3512B8DF47A00A6A2B5 /* SwiftPizzaTests */ = {
			isa = PBXNativeTarget;
			buildConfigurationList = EDC8C3692B8DF47A00A6A2B5 /* Build configuration list for PBXNativeTarget "SwiftPizzaTests" */;
			buildPhases = (
				EDC8C34E2B8DF47A00A6A2B5 /* Sources */,
				EDC8C34F2B8DF47A00A6A2B5 /* Frameworks */,
				EDC8C3502B8DF47A00A6A2B5 /* Resources */,
			);
			buildRules = (
			);
			dependencies = (
				EDC8C3542B8DF47A00A6A2B5 /* PBXTargetDependency */,
			);
			name = SwiftPizzaTests;
			productName = SwiftPizzaTests;
			productReference = EDC8C3522B8DF47A00A6A2B5 /* SwiftPizzaTests.xctest */;
			productType = "com.apple.product-type.bundle.unit-test";
		};
		EDC8C35B2B8DF47A00A6A2B5 /* SwiftPizzaUITests */ = {
			isa = PBXNativeTarget;
			buildConfigurationList = EDC8C36C2B8DF47A00A6A2B5 /* Build configuration list for PBXNativeTarget "SwiftPizzaUITests" */;
			buildPhases = (
				EDC8C3582B8DF47A00A6A2B5 /* Sources */,
				EDC8C3592B8DF47A00A6A2B5 /* Frameworks */,
				EDC8C35A2B8DF47A00A6A2B5 /* Resources */,
			);
			buildRules = (
			);
			dependencies = (
				EDC8C35E2B8DF47A00A6A2B5 /* PBXTargetDependency */,
			);
			name = SwiftPizzaUITests;
			productName = SwiftPizzaUITests;
			productReference = EDC8C35C2B8DF47A00A6A2B5 /* SwiftPizzaUITests.xctest */;
			productType = "com.apple.product-type.bundle.ui-testing";
		};
/* End PBXNativeTarget section */

/* Begin PBXProject section */
		EDC8C33A2B8DF47800A6A2B5 /* Project object */ = {
			isa = PBXProject;
			attributes = {
				BuildIndependentTargetsInParallel = 1;
				LastSwiftUpdateCheck = 1520;
				LastUpgradeCheck = 1520;
				TargetAttributes = {
					EDC8C3412B8DF47800A6A2B5 = {
						CreatedOnToolsVersion = 15.2;
					};
					EDC8C3512B8DF47A00A6A2B5 = {
						CreatedOnToolsVersion = 15.2;
						TestTargetID = EDC8C3412B8DF47800A6A2B5;
					};
					EDC8C35B2B8DF47A00A6A2B5 = {
						CreatedOnToolsVersion = 15.2;
						TestTargetID = EDC8C3412B8DF47800A6A2B5;
					};
				};
			};
			buildConfigurationList = EDC8C33D2B8DF47800A6A2B5 /* Build configuration list for PBXProject "SwiftPizza" */;
			compatibilityVersion = "Xcode 14.0";
			developmentRegion = en;
			hasScannedForEncodings = 0;
			knownRegions = (
				en,
				Base,
			);
			mainGroup = EDC8C3392B8DF47800A6A2B5;
			productRefGroup = EDC8C3432B8DF47800A6A2B5 /* Products */;
			projectDirPath = "";
			projectRoot = "";
			targets = (
				EDC8C3412B8DF47800A6A2B5 /* SwiftPizza */,
				EDC8C3512B8DF47A00A6A2B5 /* SwiftPizzaTests */,
				EDC8C35B2B8DF47A00A6A2B5 /* SwiftPizzaUITests */,
			);
		};
/* End PBXProject section */

/* Begin PBXResourcesBuildPhase section */
		EDC8C3402B8DF47800A6A2B5 /* Resources */ = {
			isa = PBXResourcesBuildPhase;
			buildActionMask = 2147483647;
			files = (
				EDC8C34D2B8DF47A00A6A2B5 /* Preview Assets.xcassets in Resources */,
				EDC8C34A2B8DF47A00A6A2B5 /* Assets.xcassets in Resources */,
			);
			runOnlyForDeploymentPostprocessing = 0;
		};
		EDC8C3502B8DF47A00A6A2B5 /* Resources */ = {
			isa = PBXResourcesBuildPhase;
			buildActionMask = 2147483647;
			files = (
			);
			runOnlyForDeploymentPostprocessing = 0;
		};
		EDC8C35A2B8DF47A00A6A2B5 /* Resources */ = {
			isa = PBXResourcesBuildPhase;
			buildActionMask = 2147483647;
			files = (
			);
			runOnlyForDeploymentPostprocessing = 0;
		};
/* End PBXResourcesBuildPhase section */

/* Begin PBXSourcesBuildPhase section */
		EDC8C33E2B8DF47800A6A2B5 /* Sources */ = {
			isa = PBXSourcesBuildPhase;
			buildActionMask = 2147483647;
			files = (
				EDC8C3482B8DF47800A6A2B5 /* ContentView.swift in Sources */,
				EDC8C3462B8DF47800A6A2B5 /* SwiftPizzaApp.swift in Sources */,
			);
			runOnlyForDeploymentPostprocessing = 0;
		};
		EDC8C34E2B8DF47A00A6A2B5 /* Sources */ = {
			isa = PBXSourcesBuildPhase;
			buildActionMask = 2147483647;
			files = (
				EDC8C3572B8DF47A00A6A2B5 /* SwiftPizzaTests.swift in Sources */,
			);
			runOnlyForDeploymentPostprocessing = 0;
		};
		EDC8C3582B8DF47A00A6A2B5 /* Sources */ = {
			isa = PBXSourcesBuildPhase;
			buildActionMask = 2147483647;
			files = (
				EDC8C3612B8DF47A00A6A2B5 /* SwiftPizzaUITests.swift in Sources */,
				EDC8C3632B8DF47A00A6A2B5 /* SwiftPizzaUITestsLaunchTests.swift in Sources */,
			);
			runOnlyForDeploymentPostprocessing = 0;
		};
/* End PBXSourcesBuildPhase section */

/* Begin PBXTargetDependency section */
		EDC8C3542B8DF47A00A6A2B5 /* PBXTargetDependency */ = {
			isa = PBXTargetDependency;
			target = EDC8C3412B8DF47800A6A2B5 /* SwiftPizza */;
			targetProxy = EDC8C3532B8DF47A00A6A2B5 /* PBXContainerItemProxy */;
		};
		EDC8C35E2B8DF47A00A6A2B5 /* PBXTargetDependency */ = {
			isa = PBXTargetDependency;
			target = EDC8C3412B8DF47800A6A2B5 /* SwiftPizza */;
			targetProxy = EDC8C35D2B8DF47A00A6A2B5 /* PBXContainerItemProxy */;
		};
/* End PBXTargetDependency section */

/* Begin XCBuildConfiguration section */
		EDC8C3642B8DF47A00A6A2B5 /* Debug */ = {
			isa = XCBuildConfiguration;
			buildSettings = {
				ALWAYS_SEARCH_USER_PATHS = NO;
				ASSETCATALOG_COMPILER_GENERATE_SWIFT_ASSET_SYMBOL_EXTENSIONS = YES;
				CLANG_ANALYZER_NONNULL = YES;
				CLANG_ANALYZER_NUMBER_OBJECT_CONVERSION = YES_AGGRESSIVE;
				CLANG_CXX_LANGUAGE_STANDARD = "gnu++20";
				CLANG_ENABLE_MODULES = YES;
				CLANG_ENABLE_OBJC_ARC = YES;
				CLANG_ENABLE_OBJC_WEAK = YES;
				CLANG_WARN_BLOCK_CAPTURE_AUTORELEASING = YES;
				CLANG_WARN_BOOL_CONVERSION = YES;
				CLANG_WARN_COMMA = YES;
				CLANG_WARN_CONSTANT_CONVERSION = YES;
				CLANG_WARN_DEPRECATED_OBJC_IMPLEMENTATIONS = YES;
				CLANG_WARN_DIRECT_OBJC_ISA_USAGE = YES_ERROR;
				CLANG_WARN_DOCUMENTATION_COMMENTS = YES;
				CLANG_WARN_EMPTY_BODY = YES;
				CLANG_WARN_ENUM_CONVERSION = YES;
				CLANG_WARN_INFINITE_RECURSION = YES;
				CLANG_WARN_INT_CONVERSION = YES;
				CLANG_WARN_NON_LITERAL_NULL_CONVERSION = YES;
				CLANG_WARN_OBJC_IMPLICIT_RETAIN_SELF = YES;
				CLANG_WARN_OBJC_LITERAL_CONVERSION = YES;
				CLANG_WARN_OBJC_ROOT_CLASS = YES_ERROR;
				CLANG_WARN_QUOTED_INCLUDE_IN_FRAMEWORK_HEADER = YES;
				CLANG_WARN_RANGE_LOOP_ANALYSIS = YES;
				CLANG_WARN_STRICT_PROTOTYPES = YES;
				CLANG_WARN_SUSPICIOUS_MOVE = YES;
				CLANG_WARN_UNGUARDED_AVAILABILITY = YES_AGGRESSIVE;
				CLANG_WARN_UNREACHABLE_CODE = YES;
				CLANG_WARN__DUPLICATE_METHOD_MATCH = YES;
				COPY_PHASE_STRIP = NO;
				DEBUG_INFORMATION_FORMAT = dwarf;
				ENABLE_STRICT_OBJC_MSGSEND = YES;
				ENABLE_TESTABILITY = YES;
				ENABLE_USER_SCRIPT_SANDBOXING = YES;
				GCC_C_LANGUAGE_STANDARD = gnu17;
				GCC_DYNAMIC_NO_PIC = NO;
				GCC_NO_COMMON_BLOCKS = YES;
				GCC_OPTIMIZATION_LEVEL = 0;
				GCC_PREPROCESSOR_DEFINITIONS = (
					"DEBUG=1",
					"$(inherited)",
				);
				GCC_WARN_64_TO_32_BIT_CONVERSION = YES;
				GCC_WARN_ABOUT_RETURN_TYPE = YES_ERROR;
				GCC_WARN_UNDECLARED_SELECTOR = YES;
				GCC_WARN_UNINITIALIZED_AUTOS = YES_AGGRESSIVE;
				GCC_WARN_UNUSED_FUNCTION = YES;
				GCC_WARN_UNUSED_VARIABLE = YES;
				IPHONEOS_DEPLOYMENT_TARGET = 17.2;
				LOCALIZATION_PREFERS_STRING_CATALOGS = YES;
				MTL_ENABLE_DEBUG_INFO = INCLUDE_SOURCE;
				MTL_FAST_MATH = YES;
				ONLY_ACTIVE_ARCH = YES;
				SDKROOT = iphoneos;
				SWIFT_ACTIVE_COMPILATION_CONDITIONS = "DEBUG $(inherited)";
				SWIFT_OPTIMIZATION_LEVEL = "-Onone";
			};
			name = Debug;
		};
		EDC8C3652B8DF47A00A6A2B5 /* Release */ = {
			isa = XCBuildConfiguration;
			buildSettings = {
				ALWAYS_SEARCH_USER_PATHS = NO;
				ASSETCATALOG_COMPILER_GENERATE_SWIFT_ASSET_SYMBOL_EXTENSIONS = YES;
				CLANG_ANALYZER_NONNULL = YES;
				CLANG_ANALYZER_NUMBER_OBJECT_CONVERSION = YES_AGGRESSIVE;
				CLANG_CXX_LANGUAGE_STANDARD = "gnu++20";
				CLANG_ENABLE_MODULES = YES;
				CLANG_ENABLE_OBJC_ARC = YES;
				CLANG_ENABLE_OBJC_WEAK = YES;
				CLANG_WARN_BLOCK_CAPTURE_AUTORELEASING = YES;
				CLANG_WARN_BOOL_CONVERSION = YES;
				CLANG_WARN_COMMA = YES;
				CLANG_WARN_CONSTANT_CONVERSION = YES;
				CLANG_WARN_DEPRECATED_OBJC_IMPLEMENTATIONS = YES;
				CLANG_WARN_DIRECT_OBJC_ISA_USAGE = YES_ERROR;
				CLANG_WARN_DOCUMENTATION_COMMENTS = YES;
				CLANG_WARN_EMPTY_BODY = YES;
				CLANG_WARN_ENUM_CONVERSION = YES;
				CLANG_WARN_INFINITE_RECURSION = YES;
				CLANG_WARN_INT_CONVERSION = YES;
				CLANG_WARN_NON_LITERAL_NULL_CONVERSION = YES;
				CLANG_WARN_OBJC_IMPLICIT_RETAIN_SELF = YES;
				CLANG_WARN_OBJC_LITERAL_CONVERSION = YES;
				CLANG_WARN_OBJC_ROOT_CLASS = YES_ERROR;
				CLANG_WARN_QUOTED_INCLUDE_IN_FRAMEWORK_HEADER = YES;
				CLANG_WARN_RANGE_LOOP_ANALYSIS = YES;
				CLANG_WARN_STRICT_PROTOTYPES = YES;
				CLANG_WARN_SUSPICIOUS_MOVE = YES;
				CLANG_WARN_UNGUARDED_AVAILABILITY = YES_AGGRESSIVE;
				CLANG_WARN_UNREACHABLE_CODE = YES;
				CLANG_WARN__DUPLICATE_METHOD_MATCH = YES;
				COPY_PHASE_STRIP = NO;
				DEBUG_INFORMATION_FORMAT = "dwarf-with-dsym";
				ENABLE_NS_ASSERTIONS = NO;
				ENABLE_STRICT_OBJC_MSGSEND = YES;
				ENABLE_USER_SCRIPT_SANDBOXING = YES;
				GCC_C_LANGUAGE_STANDARD = gnu17;
				GCC_NO_COMMON_BLOCKS = YES;
				GCC_WARN_64_TO_32_BIT_CONVERSION = YES;
				GCC_WARN_ABOUT_RETURN_TYPE = YES_ERROR;
				GCC_WARN_UNDECLARED_SELECTOR = YES;
				GCC_WARN_UNINITIALIZED_AUTOS = YES_AGGRESSIVE;
				GCC_WARN_UNUSED_FUNCTION = YES;
				GCC_WARN_UNUSED_VARIABLE = YES;
				IPHONEOS_DEPLOYMENT_TARGET = 17.2;
				LOCALIZATION_PREFERS_STRING_CATALOGS = YES;
				MTL_ENABLE_DEBUG_INFO = NO;
				MTL_FAST_MATH = YES;
				SDKROOT = iphoneos;
				SWIFT_COMPILATION_MODE = wholemodule;
				VALIDATE_PRODUCT = YES;
			};
			name = Release;
		};
		EDC8C3672B8DF47A00A6A2B5 /* Debug */ = {
			isa = XCBuildConfiguration;
			buildSettings = {
				ASSETCATALOG_COMPILER_APPICON_NAME = AppIcon;
				ASSETCATALOG_COMPILER_GLOBAL_ACCENT_COLOR_NAME = AccentColor;
				CODE_SIGN_STYLE = Automatic;
				CURRENT_PROJECT_VERSION = 1;
				DEVELOPMENT_ASSET_PATHS = "\"SwiftPizza/Preview Content\"";
				ENABLE_PREVIEWS = YES;
				GENERATE_INFOPLIST_FILE = YES;
				INFOPLIST_KEY_UIApplicationSceneManifest_Generation = YES;
				INFOPLIST_KEY_UIApplicationSupportsIndirectInputEvents = YES;
				INFOPLIST_KEY_UILaunchScreen_Generation = YES;
				INFOPLIST_KEY_UISupportedInterfaceOrientations_iPad = "UIInterfaceOrientationPortrait UIInterfaceOrientationPortraitUpsideDown UIInterfaceOrientationLandscapeLeft UIInterfaceOrientationLandscapeRight";
				INFOPLIST_KEY_UISupportedInterfaceOrientations_iPhone = "UIInterfaceOrientationPortrait UIInterfaceOrientationLandscapeLeft UIInterfaceOrientationLandscapeRight";
				LD_RUNPATH_SEARCH_PATHS = (
					"$(inherited)",
					"@executable_path/Frameworks",
				);
				MARKETING_VERSION = 1.0;
				PRODUCT_BUNDLE_IDENTIFIER = classes.SwiftPizza;
				PRODUCT_NAME = "$(TARGET_NAME)";
				SWIFT_EMIT_LOC_STRINGS = YES;
				SWIFT_VERSION = 5.0;
				TARGETED_DEVICE_FAMILY = "1,2";
			};
			name = Debug;
		};
		EDC8C3682B8DF47A00A6A2B5 /* Release */ = {
			isa = XCBuildConfiguration;
			buildSettings = {
				ASSETCATALOG_COMPILER_APPICON_NAME = AppIcon;
				ASSETCATALOG_COMPILER_GLOBAL_ACCENT_COLOR_NAME = AccentColor;
				CODE_SIGN_STYLE = Automatic;
				CURRENT_PROJECT_VERSION = 1;
				DEVELOPMENT_ASSET_PATHS = "\"SwiftPizza/Preview Content\"";
				ENABLE_PREVIEWS = YES;
				GENERATE_INFOPLIST_FILE = YES;
				INFOPLIST_KEY_UIApplicationSceneManifest_Generation = YES;
				INFOPLIST_KEY_UIApplicationSupportsIndirectInputEvents = YES;
				INFOPLIST_KEY_UILaunchScreen_Generation = YES;
				INFOPLIST_KEY_UISupportedInterfaceOrientations_iPad = "UIInterfaceOrientationPortrait UIInterfaceOrientationPortraitUpsideDown UIInterfaceOrientationLandscapeLeft UIInterfaceOrientationLandscapeRight";
				INFOPLIST_KEY_UISupportedInterfaceOrientations_iPhone = "UIInterfaceOrientationPortrait UIInterfaceOrientationLandscapeLeft UIInterfaceOrientationLandscapeRight";
				LD_RUNPATH_SEARCH_PATHS = (
					"$(inherited)",
					"@executable_path/Frameworks",
				);
				MARKETING_VERSION = 1.0;
				PRODUCT_BUNDLE_IDENTIFIER = classes.SwiftPizza;
				PRODUCT_NAME = "$(TARGET_NAME)";
				SWIFT_EMIT_LOC_STRINGS = YES;
				SWIFT_VERSION = 5.0;
				TARGETED_DEVICE_FAMILY = "1,2";
			};
			name = Release;
		};
		EDC8C36A2B8DF47A00A6A2B5 /* Debug */ = {
			isa = XCBuildConfiguration;
			buildSettings = {
				ALWAYS_EMBED_SWIFT_STANDARD_LIBRARIES = YES;
				BUNDLE_LOADER = "$(TEST_HOST)";
				CODE_SIGN_STYLE = Automatic;
				CURRENT_PROJECT_VERSION = 1;
				GENERATE_INFOPLIST_FILE = YES;
				IPHONEOS_DEPLOYMENT_TARGET = 17.2;
				MARKETING_VERSION = 1.0;
				PRODUCT_BUNDLE_IDENTIFIER = classes.SwiftPizzaTests;
				PRODUCT_NAME = "$(TARGET_NAME)";
				SWIFT_EMIT_LOC_STRINGS = NO;
				SWIFT_VERSION = 5.0;
				TARGETED_DEVICE_FAMILY = "1,2";
				TEST_HOST = "$(BUILT_PRODUCTS_DIR)/SwiftPizza.app/$(BUNDLE_EXECUTABLE_FOLDER_PATH)/SwiftPizza";
			};
			name = Debug;
		};
		EDC8C36B2B8DF47A00A6A2B5 /* Release */ = {
			isa = XCBuildConfiguration;
			buildSettings = {
				ALWAYS_EMBED_SWIFT_STANDARD_LIBRARIES = YES;
				BUNDLE_LOADER = "$(TEST_HOST)";
				CODE_SIGN_STYLE = Automatic;
				CURRENT_PROJECT_VERSION = 1;
				GENERATE_INFOPLIST_FILE = YES;
				IPHONEOS_DEPLOYMENT_TARGET = 17.2;
				MARKETING_VERSION = 1.0;
				PRODUCT_BUNDLE_IDENTIFIER = classes.SwiftPizzaTests;
				PRODUCT_NAME = "$(TARGET_NAME)";
				SWIFT_EMIT_LOC_STRINGS = NO;
				SWIFT_VERSION = 5.0;
				TARGETED_DEVICE_FAMILY = "1,2";
				TEST_HOST = "$(BUILT_PRODUCTS_DIR)/SwiftPizza.app/$(BUNDLE_EXECUTABLE_FOLDER_PATH)/SwiftPizza";
			};
			name = Release;
		};
		EDC8C36D2B8DF47A00A6A2B5 /* Debug */ = {
			isa = XCBuildConfiguration;
			buildSettings = {
				ALWAYS_EMBED_SWIFT_STANDARD_LIBRARIES = YES;
				CODE_SIGN_STYLE = Automatic;
				CURRENT_PROJECT_VERSION = 1;
				GENERATE_INFOPLIST_FILE = YES;
				MARKETING_VERSION = 1.0;
				PRODUCT_BUNDLE_IDENTIFIER = classes.SwiftPizzaUITests;
				PRODUCT_NAME = "$(TARGET_NAME)";
				SWIFT_EMIT_LOC_STRINGS = NO;
				SWIFT_VERSION = 5.0;
				TARGETED_DEVICE_FAMILY = "1,2";
				TEST_TARGET_NAME = SwiftPizza;
			};
			name = Debug;
		};
		EDC8C36E2B8DF47A00A6A2B5 /* Release */ = {
			isa = XCBuildConfiguration;
			buildSettings = {
				ALWAYS_EMBED_SWIFT_STANDARD_LIBRARIES = YES;
				CODE_SIGN_STYLE = Automatic;
				CURRENT_PROJECT_VERSION = 1;
				GENERATE_INFOPLIST_FILE = YES;
				MARKETING_VERSION = 1.0;
				PRODUCT_BUNDLE_IDENTIFIER = classes.SwiftPizzaUITests;
				PRODUCT_NAME = "$(TARGET_NAME)";
				SWIFT_EMIT_LOC_STRINGS = NO;
				SWIFT_VERSION = 5.0;
				TARGETED_DEVICE_FAMILY = "1,2";
				TEST_TARGET_NAME = SwiftPizza;
			};
			name = Release;
		};
/* End XCBuildConfiguration section */

/* Begin XCConfigurationList section */
		EDC8C33D2B8DF47800A6A2B5 /* Build configuration list for PBXProject "SwiftPizza" */ = {
			isa = XCConfigurationList;
			buildConfigurations = (
				EDC8C3642B8DF47A00A6A2B5 /* Debug */,
				EDC8C3652B8DF47A00A6A2B5 /* Release */,
			);
			defaultConfigurationIsVisible = 0;
			defaultConfigurationName = Release;
		};
		EDC8C3662B8DF47A00A6A2B5 /* Build configuration list for PBXNativeTarget "SwiftPizza" */ = {
			isa = XCConfigurationList;
			buildConfigurations = (
				EDC8C3672B8DF47A00A6A2B5 /* Debug */,
				EDC8C3682B8DF47A00A6A2B5 /* Release */,
			);
			defaultConfigurationIsVisible = 0;
			defaultConfigurationName = Release;
		};
		EDC8C3692B8DF47A00A6A2B5 /* Build configuration list for PBXNativeTarget "SwiftPizzaTests" */ = {
			isa = XCConfigurationList;
			buildConfigurations = (
				EDC8C36A2B8DF47A00A6A2B5 /* Debug */,
				EDC8C36B2B8DF47A00A6A2B5 /* Release */,
			);
			defaultConfigurationIsVisible = 0;
			defaultConfigurationName = Release;
		};
		EDC8C36C2B8DF47A00A6A2B5 /* Build configuration list for PBXNativeTarget "SwiftPizzaUITests" */ = {
			isa = XCConfigurationList;
			buildConfigurations = (
				EDC8C36D2B8DF47A00A6A2B5 /* Debug */,
				EDC8C36E2B8DF47A00A6A2B5 /* Release */,
			);
			defaultConfigurationIsVisible = 0;
			defaultConfigurationName = Release;
		};
/* End XCConfigurationList section */
	};
	rootObject = EDC8C33A2B8DF47800A6A2B5 /* Project object */;
}
